
Microsoft Visual Studio Solution File, Format Version 12.00
# Visual Studio 15
Project("{FAE04EC0-301F-11D3-BF4B-00C04F79EFBC}") = "Zenject", "Zenject.csproj", "{83489F3A-848B-77A1-8AA3-CA5C151AF4CB}"
EndProject
Project("{FAE04EC0-301F-11D3-BF4B-00C04F79EFBC}") = "Zenject-IntegrationTests", "Zenject-IntegrationTests.csproj", "{0A1DFDDE-FEE8-8E7C-1AFC-8583F5BD453C}"
EndProject
Project("{FAE04EC0-301F-11D3-BF4B-00C04F79EFBC}") = "Zenject-IntegrationTests-Editor", "Zenject-IntegrationTests-Editor.csproj", "{7156E89D-0C89-C5EF-25F2-C5E7665BB9B2}"
EndProject
Project("{FAE04EC0-301F-11D3-BF4B-00C04F79EFBC}") = "Assembly-CSharp", "Assembly-CSharp.csproj", "{3D649EC8-C846-394E-EDE5-E4B58356C182}"
EndProject
Project("{FAE04EC0-301F-11D3-BF4B-00C04F79EFBC}") = "Zenject-PoolMonitor-Editor", "Zenject-PoolMonitor-Editor.csproj", "{2A9D987C-E635-0341-BF29-E216CA31B526}"
EndProject
Project("{FAE04EC0-301F-11D3-BF4B-00C04F79EFBC}") = "Zenject-UnitTests-Editor", "Zenject-UnitTests-Editor.csproj", "{B99CCECE-0CCF-B864-9893-51C15CCA6759}"
EndProject
Project("{FAE04EC0-301F-11D3-BF4B-00C04F79EFBC}") = "Zenject-ReflectionBaking-Editor", "Zenject-ReflectionBaking-Editor.csproj", "{B5887163-94CB-CD99-E9BF-3FD87DD6968B}"
EndProject
Project("{FAE04EC0-301F-11D3-BF4B-00C04F79EFBC}") = "Zenject-Editor", "Zenject-Editor.csproj", "{8D3354CA-C898-A345-95BF-7278FEA63FD0}"
EndProject
Project("{FAE04EC0-301F-11D3-BF4B-00C04F79EFBC}") = "Zenject-TestFramework", "Zenject-TestFramework.csproj", "{CA98B828-011B-5CEB-6025-D43999EC662D}"
EndProject
Global
	GlobalSection(SolutionConfigurationPlatforms) = preSolution
		Debug|Any CPU = Debug|Any CPU
		Release|Any CPU = Release|Any CPU
	EndGlobalSection
	GlobalSection(ProjectConfigurationPlatforms) = postSolution
		{83489F3A-848B-77A1-8AA3-CA5C151AF4CB}.Debug|Any CPU.ActiveCfg = Debug|Any CPU
		{83489F3A-848B-77A1-8AA3-CA5C151AF4CB}.Debug|Any CPU.Build.0 = Debug|Any CPU
		{83489F3A-848B-77A1-8AA3-CA5C151AF4CB}.Release|Any CPU.ActiveCfg = Release|Any CPU
		{83489F3A-848B-77A1-8AA3-CA5C151AF4CB}.Release|Any CPU.Build.0 = Release|Any CPU
		{0A1DFDDE-FEE8-8E7C-1AFC-8583F5BD453C}.Debug|Any CPU.ActiveCfg = Debug|Any CPU
		{0A1DFDDE-FEE8-8E7C-1AFC-8583F5BD453C}.Debug|Any CPU.Build.0 = Debug|Any CPU
		{0A1DFDDE-FEE8-8E7C-1AFC-8583F5BD453C}.Release|Any CPU.ActiveCfg = Release|Any CPU
		{0A1DFDDE-FEE8-8E7C-1AFC-8583F5BD453C}.Release|Any CPU.Build.0 = Release|Any CPU
		{7156E89D-0C89-C5EF-25F2-C5E7665BB9B2}.Debug|Any CPU.ActiveCfg = Debug|Any CPU
		{7156E89D-0C89-C5EF-25F2-C5E7665BB9B2}.Debug|Any CPU.Build.0 = Debug|Any CPU
		{7156E89D-0C89-C5EF-25F2-C5E7665BB9B2}.Release|Any CPU.ActiveCfg = Release|Any CPU
		{7156E89D-0C89-C5EF-25F2-C5E7665BB9B2}.Release|Any CPU.Build.0 = Release|Any CPU
		{3D649EC8-C846-394E-EDE5-E4B58356C182}.Debug|Any CPU.ActiveCfg = Debug|Any CPU
		{3D649EC8-C846-394E-EDE5-E4B58356C182}.Debug|Any CPU.Build.0 = Debug|Any CPU
		{3D649EC8-C846-394E-EDE5-E4B58356C182}.Release|Any CPU.ActiveCfg = Release|Any CPU
		{3D649EC8-C846-394E-EDE5-E4B58356C182}.Release|Any CPU.Build.0 = Release|Any CPU
		{2A9D987C-E635-0341-BF29-E216CA31B526}.Debug|Any CPU.ActiveCfg = Debug|Any CPU
		{2A9D987C-E635-0341-BF29-E216CA31B526}.Debug|Any CPU.Build.0 = Debug|Any CPU
		{2A9D987C-E635-0341-BF29-E216CA31B526}.Release|Any CPU.ActiveCfg = Release|Any CPU
		{2A9D987C-E635-0341-BF29-E216CA31B526}.Release|Any CPU.Build.0 = Release|Any CPU
		{B99CCECE-0CCF-B864-9893-51C15CCA6759}.Debug|Any CPU.ActiveCfg = Debug|Any CPU
		{B99CCECE-0CCF-B864-9893-51C15CCA6759}.Debug|Any CPU.Build.0 = Debug|Any CPU
		{B99CCECE-0CCF-B864-9893-51C15CCA6759}.Release|Any CPU.ActiveCfg = Release|Any CPU
		{B99CCECE-0CCF-B864-9893-51C15CCA6759}.Release|Any CPU.Build.0 = Release|Any CPU
		{B5887163-94CB-CD99-E9BF-3FD87DD6968B}.Debug|Any CPU.ActiveCfg = Debug|Any CPU
		{B5887163-94CB-CD99-E9BF-3FD87DD6968B}.Debug|Any CPU.Build.0 = Debug|Any CPU
		{B5887163-94CB-CD99-E9BF-3FD87DD6968B}.Release|Any CPU.ActiveCfg = Release|Any CPU
		{B5887163-94CB-CD99-E9BF-3FD87DD6968B}.Release|Any CPU.Build.0 = Release|Any CPU
		{8D3354CA-C898-A345-95BF-7278FEA63FD0}.Debug|Any CPU.ActiveCfg = Debug|Any CPU
		{8D3354CA-C898-A345-95BF-7278FEA63FD0}.Debug|Any CPU.Build.0 = Debug|Any CPU
		{8D3354CA-C898-A345-95BF-7278FEA63FD0}.Release|Any CPU.ActiveCfg = Release|Any CPU
		{8D3354CA-C898-A345-95BF-7278FEA63FD0}.Release|Any CPU.Build.0 = Release|Any CPU
		{CA98B828-011B-5CEB-6025-D43999EC662D}.Debug|Any CPU.ActiveCfg = Debug|Any CPU
		{CA98B828-011B-5CEB-6025-D43999EC662D}.Debug|Any CPU.Build.0 = Debug|Any CPU
		{CA98B828-011B-5CEB-6025-D43999EC662D}.Release|Any CPU.ActiveCfg = Release|Any CPU
		{CA98B828-011B-5CEB-6025-D43999EC662D}.Release|Any CPU.Build.0 = Release|Any CPU
	EndGlobalSection
	GlobalSection(SolutionProperties) = preSolution
		HideSolutionNode = FALSE
	EndGlobalSection
EndGlobal
